
Microsoft Visual Studio Solution File, Format Version 12.00
# Visual Studio Version 17
VisualStudioVersion = 17.11.35327.3
MinimumVisualStudioVersion = 10.0.40219.1
Project("{FAE04EC0-301F-11D3-BF4B-00C04F79EFBC}") = "Dz_File_6", "Dz_File_6\Dz_File_6.csproj", "{4AA4E195-2BE1-4338-B3CA-44153EFD45E9}"
EndProject
Project("{FAE04EC0-301F-11D3-BF4B-00C04F79EFBC}") = "Dz_DmitriyNikolaevichTumakov_6", "Dz_DmitriyNikolaevichTumakov_6\Dz_DmitriyNikolaevichTumakov_6.csproj", "{2566051E-97E9-4EE7-B24D-98F45CFF614F}"
EndProject
Global
	GlobalSection(SolutionConfigurationPlatforms) = preSolution
		Debug|Any CPU = Debug|Any CPU
		Release|Any CPU = Release|Any CPU
	EndGlobalSection
	GlobalSection(ProjectConfigurationPlatforms) = postSolution
		{4AA4E195-2BE1-4338-B3CA-44153EFD45E9}.Debug|Any CPU.ActiveCfg = Debug|Any CPU
		{4AA4E195-2BE1-4338-B3CA-44153EFD45E9}.Debug|Any CPU.Build.0 = Debug|Any CPU
		{4AA4E195-2BE1-4338-B3CA-44153EFD45E9}.Release|Any CPU.ActiveCfg = Release|Any CPU
		{4AA4E195-2BE1-4338-B3CA-44153EFD45E9}.Release|Any CPU.Build.0 = Release|Any CPU
		{2566051E-97E9-4EE7-B24D-98F45CFF614F}.Debug|Any CPU.ActiveCfg = Debug|Any CPU
		{2566051E-97E9-4EE7-B24D-98F45CFF614F}.Debug|Any CPU.Build.0 = Debug|Any CPU
		{2566051E-97E9-4EE7-B24D-98F45CFF614F}.Release|Any CPU.ActiveCfg = Release|Any CPU
		{2566051E-97E9-4EE7-B24D-98F45CFF614F}.Release|Any CPU.Build.0 = Release|Any CPU
	EndGlobalSection
	GlobalSection(SolutionProperties) = preSolution
		HideSolutionNode = FALSE
	EndGlobalSection
	GlobalSection(ExtensibilityGlobals) = postSolution
		SolutionGuid = {44CFD90F-3F1A-4D28-8159-2A06F0FC9CBA}
	EndGlobalSection
EndGlobal
